
Microsoft Visual Studio Solution File, Format Version 12.00
# Visual Studio Version 17
VisualStudioVersion = 17.4.33122.133
MinimumVisualStudioVersion = 10.0.40219.1
Project("{FAE04EC0-301F-11D3-BF4B-00C04F79EFBC}") = "APIMaisEventos", "APIMaisEventos.csproj", "{F48CFE93-09C7-451F-B22F-7EE80A7BBB27}"
EndProject
Global
	GlobalSection(SolutionConfigurationPlatforms) = preSolution
		Debug|Any CPU = Debug|Any CPU
		Release|Any CPU = Release|Any CPU
	EndGlobalSection
	GlobalSection(ProjectConfigurationPlatforms) = postSolution
		{F48CFE93-09C7-451F-B22F-7EE80A7BBB27}.Debug|Any CPU.ActiveCfg = Debug|Any CPU
		{F48CFE93-09C7-451F-B22F-7EE80A7BBB27}.Debug|Any CPU.Build.0 = Debug|Any CPU
		{F48CFE93-09C7-451F-B22F-7EE80A7BBB27}.Release|Any CPU.ActiveCfg = Release|Any CPU
		{F48CFE93-09C7-451F-B22F-7EE80A7BBB27}.Release|Any CPU.Build.0 = Release|Any CPU
	EndGlobalSection
	GlobalSection(SolutionProperties) = preSolution
		HideSolutionNode = FALSE
	EndGlobalSection
	GlobalSection(ExtensibilityGlobals) = postSolution
		SolutionGuid = {BEDBD860-37DE-4000-B0BC-DB8604E22977}
	EndGlobalSection
EndGlobal
